// !$*UTF8*$!
{
	archiveVersion = 1;
	classes = {
	};
	objectVersion = 46;
	objects = {

/* Begin PBXBuildFile section */
		980617DF1EF040350074027B /* AppDelegate.swift in Sources */ = {isa = PBXBuildFile; fileRef = 980617DE1EF040350074027B /* AppDelegate.swift */; };
		980617E11EF040350074027B /* ViewController.swift in Sources */ = {isa = PBXBuildFile; fileRef = 980617E01EF040350074027B /* ViewController.swift */; };
		980617E41EF040350074027B /* Main.storyboard in Resources */ = {isa = PBXBuildFile; fileRef = 980617E21EF040350074027B /* Main.storyboard */; };
		980617E61EF040350074027B /* Assets.xcassets in Resources */ = {isa = PBXBuildFile; fileRef = 980617E51EF040350074027B /* Assets.xcassets */; };
		980617E91EF040350074027B /* LaunchScreen.storyboard in Resources */ = {isa = PBXBuildFile; fileRef = 980617E71EF040350074027B /* LaunchScreen.storyboard */; };
/* End PBXBuildFile section */

/* Begin PBXFileReference section */
		980617DB1EF040350074027B /* Emoji Dictionary Pls Work.app */ = {isa = PBXFileReference; explicitFileType = wrapper.application; includeInIndex = 0; path = "Emoji Dictionary Pls Work.app"; sourceTree = BUILT_PRODUCTS_DIR; };
		980617DE1EF040350074027B /* AppDelegate.swift */ = {isa = PBXFileReference; lastKnownFileType = sourcecode.swift; path = AppDelegate.swift; sourceTree = "<group>"; };
		980617E01EF040350074027B /* ViewController.swift */ = {isa = PBXFileReference; lastKnownFileType = sourcecode.swift; path = ViewController.swift; sourceTree = "<group>"; };
		980617E31EF040350074027B /* Base */ = {isa = PBXFileReference; lastKnownFileType = file.storyboard; name = Base; path = Base.lproj/Main.storyboard; sourceTree = "<group>"; };
		980617E51EF040350074027B /* Assets.xcassets */ = {isa = PBXFileReference; lastKnownFileType = folder.assetcatalog; path = Assets.xcassets; sourceTree = "<group>"; };
		980617E81EF040350074027B /* Base */ = {isa = PBXFileReference; lastKnownFileType = file.storyboard; name = Base; path = Base.lproj/LaunchScreen.storyboard; sourceTree = "<group>"; };
		980617EA1EF040350074027B /* Info.plist */ = {isa = PBXFileReference; lastKnownFileType = text.plist.xml; path = Info.plist; sourceTree = "<group>"; };
/* End PBXFileReference section */

/* Begin PBXFrameworksBuildPhase section */
		980617D81EF040350074027B /* Frameworks */ = {
			isa = PBXFrameworksBuildPhase;
			buildActionMask = 2147483647;
			files = (
			);
			runOnlyForDeploymentPostprocessing = 0;
		};
/* End PBXFrameworksBuildPhase section */

/* Begin PBXGroup section */
		980617D21EF040350074027B = {
			isa = PBXGroup;
			children = (
				980617DD1EF040350074027B /* Emoji Dictionary Pls Work */,
				980617DC1EF040350074027B /* Products */,
			);
			sourceTree = "<group>";
		};
		980617DC1EF040350074027B /* Products */ = {
			isa = PBXGroup;
			children = (
				980617DB1EF040350074027B /* Emoji Dictionary Pls Work.app */,
			);
			name = Products;
			sourceTree = "<group>";
		};
		980617DD1EF040350074027B /* Emoji Dictionary Pls Work */ = {
			isa = PBXGroup;
			children = (
				980617DE1EF040350074027B /* AppDelegate.swift */,
				980617E01EF040350074027B /* ViewController.swift */,
				980617E21EF040350074027B /* Main.storyboard */,
				980617E51EF040350074027B /* Assets.xcassets */,
				980617E71EF040350074027B /* LaunchScreen.storyboard */,
				980617EA1EF040350074027B /* Info.plist */,
			);
			path = "Emoji Dictionary Pls Work";
			sourceTree = "<group>";
		};
/* End PBXGroup section */

/* Begin PBXNativeTarget section */
		980617DA1EF040350074027B /* Emoji Dictionary Pls Work */ = {
			isa = PBXNativeTarget;
			buildConfigurationList = 980617ED1EF040350074027B /* Build configuration list for PBXNativeTarget "Emoji Dictionary Pls Work" */;
			buildPhases = (
				980617D71EF040350074027B /* Sources */,
				980617D81EF040350074027B /* Frameworks */,
				980617D91EF040350074027B /* Resources */,
			);
			buildRules = (
			);
			dependencies = (
			);
			name = "Emoji Dictionary Pls Work";
			productName = "Emoji Dictionary Pls Work";
			productReference = 980617DB1EF040350074027B /* Emoji Dictionary Pls Work.app */;
			productType = "com.apple.product-type.application";
		};
/* End PBXNativeTarget section */

/* Begin PBXProject section */
		980617D31EF040350074027B /* Project object */ = {
			isa = PBXProject;
			attributes = {
				LastSwiftUpdateCheck = 0830;
				LastUpgradeCheck = 0830;
				ORGANIZATIONNAME = Prabhav;
				TargetAttributes = {
					980617DA1EF040350074027B = {
						CreatedOnToolsVersion = 8.3.2;
						ProvisioningStyle = Automatic;
					};
				};
			};
			buildConfigurationList = 980617D61EF040350074027B /* Build configuration list for PBXProject "Emoji Dictionary Pls Work" */;
			compatibilityVersion = "Xcode 3.2";
			developmentRegion = English;
			hasScannedForEncodings = 0;
			knownRegions = (
				en,
				Base,
			);
			mainGroup = 980617D21EF040350074027B;
			productRefGroup = 980617DC1EF040350074027B /* Products */;
			projectDirPath = "";
			projectRoot = "";
			targets = (
				980617DA1EF040350074027B /* Emoji Dictionary Pls Work */,
			);
		};
/* End PBXProject section */

/* Begin PBXResourcesBuildPhase section */
		980617D91EF040350074027B /* Resources */ = {
			isa = PBXResourcesBuildPhase;
			buildActionMask = 2147483647;
			files = (
				980617E91EF040350074027B /* LaunchScreen.storyboard in Resources */,
				980617E61EF040350074027B /* Assets.xcassets in Resources */,
				980617E41EF040350074027B /* Main.storyboard in Resources */,
			);
			runOnlyForDeploymentPostprocessing = 0;
		};
/* End PBXResourcesBuildPhase section */

/* Begin PBXSourcesBuildPhase section */
		980617D71EF040350074027B /* Sources */ = {
			isa = PBXSourcesBuildPhase;
			buildActionMask = 2147483647;
			files = (
				980617E11EF040350074027B /* ViewController.swift in Sources */,
				980617DF1EF040350074027B /* AppDelegate.swift in Sources */,
			);
			runOnlyForDeploymentPostprocessing = 0;
		};
/* End PBXSourcesBuildPhase section */

/* Begin PBXVariantGroup section */
		980617E21EF040350074027B /* Main.storyboard */ = {
			isa = PBXVariantGroup;
			children = (
				980617E31EF040350074027B /* Base */,
			);
			name = Main.storyboard;
			sourceTree = "<group>";
		};
		980617E71EF040350074027B /* LaunchScreen.storyboard */ = {
			isa = PBXVariantGroup;
			children = (
				980617E81EF040350074027B /* Base */,
			);
			name = LaunchScreen.storyboard;
			sourceTree = "<group>";
		};
/* End PBXVariantGroup section */

/* Begin XCBuildConfiguration section */
		980617EB1EF040350074027B /* Debug */ = {
			isa = XCBuildConfiguration;
			buildSettings = {
				ALWAYS_SEARCH_USER_PATHS = NO;
				CLANG_ANALYZER_NONNULL = YES;
				CLANG_ANALYZER_NUMBER_OBJECT_CONVERSION = YES_AGGRESSIVE;
				CLANG_CXX_LANGUAGE_STANDARD = "gnu++0x";
				CLANG_CXX_LIBRARY = "libc++";
				CLANG_ENABLE_MODULES = YES;
				CLANG_ENABLE_OBJC_ARC = YES;
				CLANG_WARN_BOOL_CONVERSION = YES;
				CLANG_WARN_CONSTANT_CONVERSION = YES;
				CLANG_WARN_DIRECT_OBJC_ISA_USAGE = YES_ERROR;
				CLANG_WARN_DOCUMENTATION_COMMENTS = YES;
				CLANG_WARN_EMPTY_BODY = YES;
				CLANG_WARN_ENUM_CONVERSION = YES;
				CLANG_WARN_INFINITE_RECURSION = YES;
				CLANG_WARN_INT_CONVERSION = YES;
				CLANG_WARN_OBJC_ROOT_CLASS = YES_ERROR;
				CLANG_WARN_SUSPICIOUS_MOVE = YES;
				CLANG_WARN_UNREACHABLE_CODE = YES;
				CLANG_WARN__DUPLICATE_METHOD_MATCH = YES;
				"CODE_SIGN_IDENTITY[sdk=iphoneos*]" = "iPhone Developer";
				COPY_PHASE_STRIP = NO;
				DEBUG_INFORMATION_FORMAT = dwarf;
				ENABLE_STRICT_OBJC_MSGSEND = YES;
				ENABLE_TESTABILITY = YES;
				GCC_C_LANGUAGE_STANDARD = gnu99;
				GCC_DYNAMIC_NO_PIC = NO;
				GCC_NO_COMMON_BLOCKS = YES;
				GCC_OPTIMIZATION_LEVEL = 0;
				GCC_PREPROCESSOR_DEFINITIONS = (
					"DEBUG=1",
					"$(inherited)",
				);
				GCC_WARN_64_TO_32_BIT_CONVERSION = YES;
				GCC_WARN_ABOUT_RETURN_TYPE = YES_ERROR;
				GCC_WARN_UNDECLARED_SELECTOR = YES;
				GCC_WARN_UNINITIALIZED_AUTOS = YES_AGGRESSIVE;
				GCC_WARN_UNUSED_FUNCTION = YES;
				GCC_WARN_UNUSED_VARIABLE = YES;
				IPHONEOS_DEPLOYMENT_TARGET = 10.3;
				MTL_ENABLE_DEBUG_INFO = YES;
				ONLY_ACTIVE_ARCH = YES;
				SDKROOT = iphoneos;
				SWIFT_ACTIVE_COMPILATION_CONDITIONS = DEBUG;
				SWIFT_OPTIMIZATION_LEVEL = "-Onone";
				TARGETED_DEVICE_FAMILY = "1,2";
			};
			name = Debug;
		};
		980617EC1EF040350074027B /* Release */ = {
			isa = XCBuildConfiguration;
			buildSettings = {
				ALWAYS_SEARCH_USER_PATHS = NO;
				CLANG_ANALYZER_NONNULL = YES;
				CLANG_ANALYZER_NUMBER_OBJECT_CONVERSION = YES_AGGRESSIVE;
				CLANG_CXX_LANGUAGE_STANDARD = "gnu++0x";
				CLANG_CXX_LIBRARY = "libc++";
				CLANG_ENABLE_MODULES = YES;
				CLANG_ENABLE_OBJC_ARC = YES;
				CLANG_WARN_BOOL_CONVERSION = YES;
				CLANG_WARN_CONSTANT_CONVERSION = YES;
				CLANG_WARN_DIRECT_OBJC_ISA_USAGE = YES_ERROR;
				CLANG_WARN_DOCUMENTATION_COMMENTS = YES;
				CLANG_WARN_EMPTY_BODY = YES;
				CLANG_WARN_ENUM_CONVERSION = YES;
				CLANG_WARN_INFINITE_RECURSION = YES;
				CLANG_WARN_INT_CONVERSION = YES;
				CLANG_WARN_OBJC_ROOT_CLASS = YES_ERROR;
				CLANG_WARN_SUSPICIOUS_MOVE = YES;
				CLANG_WARN_UNREACHABLE_CODE = YES;
				CLANG_WARN__DUPLICATE_METHOD_MATCH = YES;
				"CODE_SIGN_IDENTITY[sdk=iphoneos*]" = "iPhone Developer";
				COPY_PHASE_STRIP = NO;
				DEBUG_INFORMATION_FORMAT = "dwarf-with-dsym";
				ENABLE_NS_ASSERTIONS = NO;
				ENABLE_STRICT_OBJC_MSGSEND = YES;
				GCC_C_LANGUAGE_STANDARD = gnu99;
				GCC_NO_COMMON_BLOCKS = YES;
				GCC_WARN_64_TO_32_BIT_CONVERSION = YES;
				GCC_WARN_ABOUT_RETURN_TYPE = YES_ERROR;
				GCC_WARN_UNDECLARED_SELECTOR = YES;
				GCC_WARN_UNINITIALIZED_AUTOS = YES_AGGRESSIVE;
				GCC_WARN_UNUSED_FUNCTION = YES;
				GCC_WARN_UNUSED_VARIABLE = YES;
				IPHONEOS_DEPLOYMENT_TARGET = 10.3;
				MTL_ENABLE_DEBUG_INFO = NO;
				SDKROOT = iphoneos;
				SWIFT_OPTIMIZATION_LEVEL = "-Owholemodule";
				TARGETED_DEVICE_FAMILY = "1,2";
				VALIDATE_PRODUCT = YES;
			};
			name = Release;
		};
		980617EE1EF040350074027B /* Debug */ = {
			isa = XCBuildConfiguration;
			buildSettings = {
				ASSETCATALOG_COMPILER_APPICON_NAME = AppIcon;
				INFOPLIST_FILE = "Emoji Dictionary Pls Work/Info.plist";
				LD_RUNPATH_SEARCH_PATHS = "$(inherited) @executable_path/Frameworks";
				PRODUCT_BUNDLE_IDENTIFIER = "Arora-Industries.Emoji-Dictionary-Pls-Work";
				PRODUCT_NAME = "$(TARGET_NAME)";
				SWIFT_VERSION = 3.0;
			};
			name = Debug;
		};
		980617EF1EF040350074027B /* Release */ = {
			isa = XCBuildConfiguration;
			buildSettings = {
				ASSETCATALOG_COMPILER_APPICON_NAME = AppIcon;
				INFOPLIST_FILE = "Emoji Dictionary Pls Work/Info.plist";
				LD_RUNPATH_SEARCH_PATHS = "$(inherited) @executable_path/Frameworks";
				PRODUCT_BUNDLE_IDENTIFIER = "Arora-Industries.Emoji-Dictionary-Pls-Work";
				PRODUCT_NAME = "$(TARGET_NAME)";
				SWIFT_VERSION = 3.0;
			};
			name = Release;
		};
/* End XCBuildConfiguration section */

/* Begin XCConfigurationList section */
		980617D61EF040350074027B /* Build configuration list for PBXProject "Emoji Dictionary Pls Work" */ = {
			isa = XCConfigurationList;
			buildConfigurations = (
				980617EB1EF040350074027B /* Debug */,
				980617EC1EF040350074027B /* Release */,
			);
			defaultConfigurationIsVisible = 0;
			defaultConfigurationName = Release;
		};
		980617ED1EF040350074027B /* Build configuration list for PBXNativeTarget "Emoji Dictionary Pls Work" */ = {
			isa = XCConfigurationList;
			buildConfigurations = (
				980617EE1EF040350074027B /* Debug */,
				980617EF1EF040350074027B /* Release */,
			);
			defaultConfigurationIsVisible = 0;
		};
/* End XCConfigurationList section */
	};
	rootObject = 980617D31EF040350074027B /* Project object */;
}
